
Microsoft Visual Studio Solution File, Format Version 12.00
# Visual Studio Version 16
VisualStudioVersion = 16.0.30804.86
MinimumVisualStudioVersion = 10.0.40219.1
Project("{FAE04EC0-301F-11D3-BF4B-00C04F79EFBC}") = "ExplainerDashboard", "ExplainerDashboard\ExplainerDashboard.csproj", "{C4CAB1EF-B74B-4DCF-AAB5-7F12D4966C57}"
EndProject
Global
	GlobalSection(SolutionConfigurationPlatforms) = preSolution
		Debug|Any CPU = Debug|Any CPU
		Release|Any CPU = Release|Any CPU
	EndGlobalSection
	GlobalSection(ProjectConfigurationPlatforms) = postSolution
		{C4CAB1EF-B74B-4DCF-AAB5-7F12D4966C57}.Debug|Any CPU.ActiveCfg = Debug|Any CPU
		{C4CAB1EF-B74B-4DCF-AAB5-7F12D4966C57}.Debug|Any CPU.Build.0 = Debug|Any CPU
		{C4CAB1EF-B74B-4DCF-AAB5-7F12D4966C57}.Release|Any CPU.ActiveCfg = Release|Any CPU
		{C4CAB1EF-B74B-4DCF-AAB5-7F12D4966C57}.Release|Any CPU.Build.0 = Release|Any CPU
	EndGlobalSection
	GlobalSection(SolutionProperties) = preSolution
		HideSolutionNode = FALSE
	EndGlobalSection
	GlobalSection(ExtensibilityGlobals) = postSolution
		SolutionGuid = {B1B73B5D-2DA6-45FB-B2FF-1CF23BF82962}
	EndGlobalSection
EndGlobal
